
Microsoft Visual Studio Solution File, Format Version 12.00
Project("{FAE04EC0-301F-11D3-BF4B-00C04F79EFBC}") = "TwoWheels", "TwoWheels.csproj", "{99FF3DE3-4349-47EE-B2B7-6990254632FB}"
EndProject
Global
	GlobalSection(SolutionConfigurationPlatforms) = preSolution
		Debug|Any CPU = Debug|Any CPU
		Release|Any CPU = Release|Any CPU
	EndGlobalSection
	GlobalSection(ProjectConfigurationPlatforms) = postSolution
		{99FF3DE3-4349-47EE-B2B7-6990254632FB}.Debug|Any CPU.ActiveCfg = Debug|Any CPU
		{99FF3DE3-4349-47EE-B2B7-6990254632FB}.Debug|Any CPU.Build.0 = Debug|Any CPU
		{99FF3DE3-4349-47EE-B2B7-6990254632FB}.Release|Any CPU.ActiveCfg = Release|Any CPU
		{99FF3DE3-4349-47EE-B2B7-6990254632FB}.Release|Any CPU.Build.0 = Release|Any CPU
	EndGlobalSection
EndGlobal
